
Microsoft Visual Studio Solution File, Format Version 12.00
# Visual Studio Version 17
VisualStudioVersion = 17.3.32901.215
MinimumVisualStudioVersion = 10.0.40219.1
Project("{FAE04EC0-301F-11D3-BF4B-00C04F79EFBC}") = "Prac01", "Prac01\Prac01.csproj", "{BF723718-0D6E-4A39-BD9C-3901F4066D39}"
EndProject
Project("{FAE04EC0-301F-11D3-BF4B-00C04F79EFBC}") = "Prac02", "Prac02\Prac02.csproj", "{2B15C574-B893-4FB1-A9D3-8DBDF164A95A}"
EndProject
Project("{FAE04EC0-301F-11D3-BF4B-00C04F79EFBC}") = "theme_4", "theme_4\theme_4.csproj", "{644882D6-6CAC-483A-95E1-598B2FB37C3F}"
EndProject
Project("{FAE04EC0-301F-11D3-BF4B-00C04F79EFBC}") = "Prac03", "Prac03\Prac03.csproj", "{0EE9608C-7B6D-4EBF-9075-FC9B10055CEA}"
EndProject
Project("{FAE04EC0-301F-11D3-BF4B-00C04F79EFBC}") = "Prac04", "Prac04\Prac04.csproj", "{7229BF78-BD0A-4113-8C0F-ABD015D01F06}"
EndProject
Project("{FAE04EC0-301F-11D3-BF4B-00C04F79EFBC}") = "OKR", "OKR\OKR.csproj", "{0B3917B5-778E-4D41-A71C-46D8CFFD63D5}"
EndProject
Project("{FAE04EC0-301F-11D3-BF4B-00C04F79EFBC}") = "Prac05", "Prac05\Prac05.csproj", "{2C342F2B-EDAC-4B9E-8011-775271350EAE}"
EndProject
Project("{FAE04EC0-301F-11D3-BF4B-00C04F79EFBC}") = "Prac06", "Prac06\Prac06.csproj", "{18B62F91-7181-4E6C-9CBB-33B406247438}"
EndProject
Project("{FAE04EC0-301F-11D3-BF4B-00C04F79EFBC}") = "Prac07", "Prac07\Prac07.csproj", "{231F87C7-1707-490D-8540-ACFC65DE2A66}"
EndProject
Project("{FAE04EC0-301F-11D3-BF4B-00C04F79EFBC}") = "Prac08", "Prac08\Prac08.csproj", "{1742A670-A5BB-4F55-A6F2-B71487BFC53A}"
EndProject
Global
	GlobalSection(SolutionConfigurationPlatforms) = preSolution
		Debug|Any CPU = Debug|Any CPU
		Release|Any CPU = Release|Any CPU
	EndGlobalSection
	GlobalSection(ProjectConfigurationPlatforms) = postSolution
		{BF723718-0D6E-4A39-BD9C-3901F4066D39}.Debug|Any CPU.ActiveCfg = Debug|Any CPU
		{BF723718-0D6E-4A39-BD9C-3901F4066D39}.Debug|Any CPU.Build.0 = Debug|Any CPU
		{BF723718-0D6E-4A39-BD9C-3901F4066D39}.Release|Any CPU.ActiveCfg = Release|Any CPU
		{BF723718-0D6E-4A39-BD9C-3901F4066D39}.Release|Any CPU.Build.0 = Release|Any CPU
		{2B15C574-B893-4FB1-A9D3-8DBDF164A95A}.Debug|Any CPU.ActiveCfg = Debug|Any CPU
		{2B15C574-B893-4FB1-A9D3-8DBDF164A95A}.Debug|Any CPU.Build.0 = Debug|Any CPU
		{2B15C574-B893-4FB1-A9D3-8DBDF164A95A}.Release|Any CPU.ActiveCfg = Release|Any CPU
		{2B15C574-B893-4FB1-A9D3-8DBDF164A95A}.Release|Any CPU.Build.0 = Release|Any CPU
		{644882D6-6CAC-483A-95E1-598B2FB37C3F}.Debug|Any CPU.ActiveCfg = Debug|Any CPU
		{644882D6-6CAC-483A-95E1-598B2FB37C3F}.Debug|Any CPU.Build.0 = Debug|Any CPU
		{644882D6-6CAC-483A-95E1-598B2FB37C3F}.Release|Any CPU.ActiveCfg = Release|Any CPU
		{644882D6-6CAC-483A-95E1-598B2FB37C3F}.Release|Any CPU.Build.0 = Release|Any CPU
		{0EE9608C-7B6D-4EBF-9075-FC9B10055CEA}.Debug|Any CPU.ActiveCfg = Debug|Any CPU
		{0EE9608C-7B6D-4EBF-9075-FC9B10055CEA}.Debug|Any CPU.Build.0 = Debug|Any CPU
		{0EE9608C-7B6D-4EBF-9075-FC9B10055CEA}.Release|Any CPU.ActiveCfg = Release|Any CPU
		{0EE9608C-7B6D-4EBF-9075-FC9B10055CEA}.Release|Any CPU.Build.0 = Release|Any CPU
		{7229BF78-BD0A-4113-8C0F-ABD015D01F06}.Debug|Any CPU.ActiveCfg = Debug|Any CPU
		{7229BF78-BD0A-4113-8C0F-ABD015D01F06}.Debug|Any CPU.Build.0 = Debug|Any CPU
		{7229BF78-BD0A-4113-8C0F-ABD015D01F06}.Release|Any CPU.ActiveCfg = Release|Any CPU
		{7229BF78-BD0A-4113-8C0F-ABD015D01F06}.Release|Any CPU.Build.0 = Release|Any CPU
		{0B3917B5-778E-4D41-A71C-46D8CFFD63D5}.Debug|Any CPU.ActiveCfg = Debug|Any CPU
		{0B3917B5-778E-4D41-A71C-46D8CFFD63D5}.Debug|Any CPU.Build.0 = Debug|Any CPU
		{0B3917B5-778E-4D41-A71C-46D8CFFD63D5}.Release|Any CPU.ActiveCfg = Release|Any CPU
		{0B3917B5-778E-4D41-A71C-46D8CFFD63D5}.Release|Any CPU.Build.0 = Release|Any CPU
		{2C342F2B-EDAC-4B9E-8011-775271350EAE}.Debug|Any CPU.ActiveCfg = Debug|Any CPU
		{2C342F2B-EDAC-4B9E-8011-775271350EAE}.Debug|Any CPU.Build.0 = Debug|Any CPU
		{2C342F2B-EDAC-4B9E-8011-775271350EAE}.Release|Any CPU.ActiveCfg = Release|Any CPU
		{2C342F2B-EDAC-4B9E-8011-775271350EAE}.Release|Any CPU.Build.0 = Release|Any CPU
		{18B62F91-7181-4E6C-9CBB-33B406247438}.Debug|Any CPU.ActiveCfg = Debug|Any CPU
		{18B62F91-7181-4E6C-9CBB-33B406247438}.Debug|Any CPU.Build.0 = Debug|Any CPU
		{18B62F91-7181-4E6C-9CBB-33B406247438}.Release|Any CPU.ActiveCfg = Release|Any CPU
		{18B62F91-7181-4E6C-9CBB-33B406247438}.Release|Any CPU.Build.0 = Release|Any CPU
		{231F87C7-1707-490D-8540-ACFC65DE2A66}.Debug|Any CPU.ActiveCfg = Debug|Any CPU
		{231F87C7-1707-490D-8540-ACFC65DE2A66}.Debug|Any CPU.Build.0 = Debug|Any CPU
		{231F87C7-1707-490D-8540-ACFC65DE2A66}.Release|Any CPU.ActiveCfg = Release|Any CPU
		{231F87C7-1707-490D-8540-ACFC65DE2A66}.Release|Any CPU.Build.0 = Release|Any CPU
		{1742A670-A5BB-4F55-A6F2-B71487BFC53A}.Debug|Any CPU.ActiveCfg = Debug|Any CPU
		{1742A670-A5BB-4F55-A6F2-B71487BFC53A}.Debug|Any CPU.Build.0 = Debug|Any CPU
		{1742A670-A5BB-4F55-A6F2-B71487BFC53A}.Release|Any CPU.ActiveCfg = Release|Any CPU
		{1742A670-A5BB-4F55-A6F2-B71487BFC53A}.Release|Any CPU.Build.0 = Release|Any CPU
	EndGlobalSection
	GlobalSection(SolutionProperties) = preSolution
		HideSolutionNode = FALSE
	EndGlobalSection
	GlobalSection(ExtensibilityGlobals) = postSolution
		SolutionGuid = {9981F224-80F6-4255-9F8C-17EE982792B8}
	EndGlobalSection
EndGlobal
