
Microsoft Visual Studio Solution File, Format Version 12.00
# Visual Studio Version 17
VisualStudioVersion = 17.3.32901.215
MinimumVisualStudioVersion = 10.0.40219.1
Project("{FAE04EC0-301F-11D3-BF4B-00C04F79EFBC}") = "Prac01", "Prac01\Prac01.csproj", "{BF723718-0D6E-4A39-BD9C-3901F4066D39}"
EndProject
Project("{FAE04EC0-301F-11D3-BF4B-00C04F79EFBC}") = "Prac02", "Prac02\Prac02.csproj", "{2B15C574-B893-4FB1-A9D3-8DBDF164A95A}"
EndProject
Project("{FAE04EC0-301F-11D3-BF4B-00C04F79EFBC}") = "theme_4", "theme_4\theme_4.csproj", "{644882D6-6CAC-483A-95E1-598B2FB37C3F}"
EndProject
Global
	GlobalSection(SolutionConfigurationPlatforms) = preSolution
		Debug|Any CPU = Debug|Any CPU
		Release|Any CPU = Release|Any CPU
	EndGlobalSection
	GlobalSection(ProjectConfigurationPlatforms) = postSolution
		{BF723718-0D6E-4A39-BD9C-3901F4066D39}.Debug|Any CPU.ActiveCfg = Debug|Any CPU
		{BF723718-0D6E-4A39-BD9C-3901F4066D39}.Debug|Any CPU.Build.0 = Debug|Any CPU
		{BF723718-0D6E-4A39-BD9C-3901F4066D39}.Release|Any CPU.ActiveCfg = Release|Any CPU
		{BF723718-0D6E-4A39-BD9C-3901F4066D39}.Release|Any CPU.Build.0 = Release|Any CPU
		{2B15C574-B893-4FB1-A9D3-8DBDF164A95A}.Debug|Any CPU.ActiveCfg = Debug|Any CPU
		{2B15C574-B893-4FB1-A9D3-8DBDF164A95A}.Debug|Any CPU.Build.0 = Debug|Any CPU
		{2B15C574-B893-4FB1-A9D3-8DBDF164A95A}.Release|Any CPU.ActiveCfg = Release|Any CPU
		{2B15C574-B893-4FB1-A9D3-8DBDF164A95A}.Release|Any CPU.Build.0 = Release|Any CPU
		{644882D6-6CAC-483A-95E1-598B2FB37C3F}.Debug|Any CPU.ActiveCfg = Debug|Any CPU
		{644882D6-6CAC-483A-95E1-598B2FB37C3F}.Debug|Any CPU.Build.0 = Debug|Any CPU
		{644882D6-6CAC-483A-95E1-598B2FB37C3F}.Release|Any CPU.ActiveCfg = Release|Any CPU
		{644882D6-6CAC-483A-95E1-598B2FB37C3F}.Release|Any CPU.Build.0 = Release|Any CPU
	EndGlobalSection
	GlobalSection(SolutionProperties) = preSolution
		HideSolutionNode = FALSE
	EndGlobalSection
	GlobalSection(ExtensibilityGlobals) = postSolution
		SolutionGuid = {9981F224-80F6-4255-9F8C-17EE982792B8}
	EndGlobalSection
EndGlobal
