
Microsoft Visual Studio Solution File, Format Version 12.00
# Visual Studio Version 17
VisualStudioVersion = 17.3.32825.248
MinimumVisualStudioVersion = 10.0.40219.1
Project("{FAE04EC0-301F-11D3-BF4B-00C04F79EFBC}") = "Lab01", "Lab01\Lab01.csproj", "{D0D5D687-BC37-4744-8690-DB113811BB5B}"
EndProject
Project("{FAE04EC0-301F-11D3-BF4B-00C04F79EFBC}") = "Lab02", "Lab02\Lab02.csproj", "{2F9646AD-696E-42D4-89DF-E7DE6EEA5F03}"
EndProject
Project("{FAE04EC0-301F-11D3-BF4B-00C04F79EFBC}") = "Lab04", "Lab04\Lab04.csproj", "{32F0FAB7-7644-4731-AC93-B01CB83C048F}"
EndProject
Global
	GlobalSection(SolutionConfigurationPlatforms) = preSolution
		Debug|Any CPU = Debug|Any CPU
		Release|Any CPU = Release|Any CPU
	EndGlobalSection
	GlobalSection(ProjectConfigurationPlatforms) = postSolution
		{D0D5D687-BC37-4744-8690-DB113811BB5B}.Debug|Any CPU.ActiveCfg = Debug|Any CPU
		{D0D5D687-BC37-4744-8690-DB113811BB5B}.Debug|Any CPU.Build.0 = Debug|Any CPU
		{D0D5D687-BC37-4744-8690-DB113811BB5B}.Release|Any CPU.ActiveCfg = Release|Any CPU
		{D0D5D687-BC37-4744-8690-DB113811BB5B}.Release|Any CPU.Build.0 = Release|Any CPU
		{2F9646AD-696E-42D4-89DF-E7DE6EEA5F03}.Debug|Any CPU.ActiveCfg = Debug|Any CPU
		{2F9646AD-696E-42D4-89DF-E7DE6EEA5F03}.Debug|Any CPU.Build.0 = Debug|Any CPU
		{2F9646AD-696E-42D4-89DF-E7DE6EEA5F03}.Release|Any CPU.ActiveCfg = Release|Any CPU
		{2F9646AD-696E-42D4-89DF-E7DE6EEA5F03}.Release|Any CPU.Build.0 = Release|Any CPU
		{32F0FAB7-7644-4731-AC93-B01CB83C048F}.Debug|Any CPU.ActiveCfg = Debug|Any CPU
		{32F0FAB7-7644-4731-AC93-B01CB83C048F}.Debug|Any CPU.Build.0 = Debug|Any CPU
		{32F0FAB7-7644-4731-AC93-B01CB83C048F}.Release|Any CPU.ActiveCfg = Release|Any CPU
		{32F0FAB7-7644-4731-AC93-B01CB83C048F}.Release|Any CPU.Build.0 = Release|Any CPU
	EndGlobalSection
	GlobalSection(SolutionProperties) = preSolution
		HideSolutionNode = FALSE
	EndGlobalSection
	GlobalSection(ExtensibilityGlobals) = postSolution
		SolutionGuid = {A51E0606-492A-4A75-ABD3-F204BF96204D}
	EndGlobalSection
EndGlobal
